
Microsoft Visual Studio Solution File, Format Version 11.00
# Visual Studio 2010
Project("{FAE04EC0-301F-11D3-BF4B-00C04F79EFBC}") = "Duke", "Duke\Duke.csproj", "{09C8C5D3-767C-4FC6-82D4-19F7AE148444}"
EndProject
Global
	GlobalSection(SolutionConfigurationPlatforms) = preSolution
		Debug|Any CPU = Debug|Any CPU
		Release|Any CPU = Release|Any CPU
	EndGlobalSection
	GlobalSection(ProjectConfigurationPlatforms) = postSolution
		{09C8C5D3-767C-4FC6-82D4-19F7AE148444}.Debug|Any CPU.ActiveCfg = Debug|Any CPU
		{09C8C5D3-767C-4FC6-82D4-19F7AE148444}.Debug|Any CPU.Build.0 = Debug|Any CPU
		{09C8C5D3-767C-4FC6-82D4-19F7AE148444}.Release|Any CPU.ActiveCfg = Release|Any CPU
		{09C8C5D3-767C-4FC6-82D4-19F7AE148444}.Release|Any CPU.Build.0 = Release|Any CPU
	EndGlobalSection
	GlobalSection(SolutionProperties) = preSolution
		HideSolutionNode = FALSE
	EndGlobalSection
EndGlobal
